
Microsoft Visual Studio Solution File, Format Version 12.00
# Visual Studio Version 16
VisualStudioVersion = 16.0.31605.320
MinimumVisualStudioVersion = 10.0.40219.1
Project("{2150E333-8FDC-42A3-9474-1A3956D46DE8}") = "Services", "Services", "{85EE5E91-5B00-4205-BACB-32E78CF4E74D}"
EndProject
Project("{2150E333-8FDC-42A3-9474-1A3956D46DE8}") = "Catalog", "Catalog", "{F2ACC9DF-B49B-4013-91A2-443F328EF807}"
EndProject
Project("{9A19103F-16F7-4668-BE54-9A1E7A4F7556}") = "Catalog.API", "Services\Catalog\Catalog.API\Catalog.API.csproj", "{830F93A0-16B1-4037-857B-008EF740E280}"
EndProject
Project("{E53339B2-1760-4266-BCC7-CA923CBCF16C}") = "docker-compose", "docker-compose.dcproj", "{AAFF5387-28E1-42E9-9C0A-582D26A831B6}"
EndProject
Project("{2150E333-8FDC-42A3-9474-1A3956D46DE8}") = "Basket", "Basket", "{49F04440-C8D2-4280-83CF-06952C640469}"
EndProject
Project("{9A19103F-16F7-4668-BE54-9A1E7A4F7556}") = "Basket.Api", "Services\Basket\Basket.Api\Basket.Api.csproj", "{7FB29BE7-9027-48DE-9903-8E3F9E96FFD8}"
EndProject
Project("{2150E333-8FDC-42A3-9474-1A3956D46DE8}") = "Discount", "Discount", "{4268E13D-4709-4197-89FF-D3FE6283203C}"
EndProject
Project("{9A19103F-16F7-4668-BE54-9A1E7A4F7556}") = "Discount.API", "Services\Discount\Discount.API\Discount.API.csproj", "{2BC3B8CA-0296-444F-84A3-B90DCA5C8ED6}"
EndProject
Project("{9A19103F-16F7-4668-BE54-9A1E7A4F7556}") = "Discount.Grpc", "Services\Discount\Dicount.Grpc\Discount.Grpc.csproj", "{019D8B21-823A-4414-A1B5-808ADD38F713}"
EndProject
Project("{2150E333-8FDC-42A3-9474-1A3956D46DE8}") = "Ordering", "Ordering", "{C24003FA-C4E7-493C-BFD0-D11ABD1B87FD}"
EndProject
Project("{9A19103F-16F7-4668-BE54-9A1E7A4F7556}") = "Ordering.API", "Services\Ordering\Ordering.API\Ordering.API.csproj", "{ED8D132A-FDB8-4B5B-9A2F-4732AFE802A4}"
EndProject
Project("{9A19103F-16F7-4668-BE54-9A1E7A4F7556}") = "Ordering.Domain", "Services\Ordering\Ordering.Domain\Ordering.Domain.csproj", "{12C460ED-2FC5-44C0-9A35-4C9620534A25}"
EndProject
Project("{9A19103F-16F7-4668-BE54-9A1E7A4F7556}") = "Ordering.Application", "Services\Ordering\Ordering.Application\Ordering.Application.csproj", "{A80A3990-F5BE-4048-883F-D3EDD45CD307}"
EndProject
Project("{9A19103F-16F7-4668-BE54-9A1E7A4F7556}") = "Ordering.Infrastructure", "Services\Ordering\Ordering.Infrastructure\Ordering.Infrastructure.csproj", "{285081FD-D7A0-46AC-B4F2-B177DD853C1C}"
EndProject
Project("{2150E333-8FDC-42A3-9474-1A3956D46DE8}") = "BuildingBlock", "BuildingBlock", "{7ED613D5-9B97-47BD-BEE4-F495D2B625C4}"
EndProject
Project("{9A19103F-16F7-4668-BE54-9A1E7A4F7556}") = "EventBus.Messages", "BuildingBlock\EventBus.Messages\EventBus.Messages.csproj", "{BEE66601-E59E-4297-BEF1-FD0086AACEF8}"
EndProject
Project("{2150E333-8FDC-42A3-9474-1A3956D46DE8}") = "ApiGateways", "ApiGateways", "{FB9F8512-0FEB-4BB5-ABE8-CDD82B0871F3}"
EndProject
Project("{9A19103F-16F7-4668-BE54-9A1E7A4F7556}") = "OcelotApiGw", "ApiGateways\OcelotApiGw\OcelotApiGw.csproj", "{7CADA42C-6B26-4676-A312-A3D07912CD6C}"
EndProject
Project("{FAE04EC0-301F-11D3-BF4B-00C04F79EFBC}") = "Shopping.Aggregator", "ApiGateways\Shopping.Aggregator\Shopping.Aggregator.csproj", "{BDFDC13C-0F78-4471-8AC9-54C312E5DCEC}"
EndProject
Global
	GlobalSection(SolutionConfigurationPlatforms) = preSolution
		Debug|Any CPU = Debug|Any CPU
		Release|Any CPU = Release|Any CPU
	EndGlobalSection
	GlobalSection(ProjectConfigurationPlatforms) = postSolution
		{830F93A0-16B1-4037-857B-008EF740E280}.Debug|Any CPU.ActiveCfg = Debug|Any CPU
		{830F93A0-16B1-4037-857B-008EF740E280}.Debug|Any CPU.Build.0 = Debug|Any CPU
		{830F93A0-16B1-4037-857B-008EF740E280}.Release|Any CPU.ActiveCfg = Release|Any CPU
		{830F93A0-16B1-4037-857B-008EF740E280}.Release|Any CPU.Build.0 = Release|Any CPU
		{AAFF5387-28E1-42E9-9C0A-582D26A831B6}.Debug|Any CPU.ActiveCfg = Debug|Any CPU
		{AAFF5387-28E1-42E9-9C0A-582D26A831B6}.Debug|Any CPU.Build.0 = Debug|Any CPU
		{AAFF5387-28E1-42E9-9C0A-582D26A831B6}.Release|Any CPU.ActiveCfg = Release|Any CPU
		{AAFF5387-28E1-42E9-9C0A-582D26A831B6}.Release|Any CPU.Build.0 = Release|Any CPU
		{7FB29BE7-9027-48DE-9903-8E3F9E96FFD8}.Debug|Any CPU.ActiveCfg = Debug|Any CPU
		{7FB29BE7-9027-48DE-9903-8E3F9E96FFD8}.Debug|Any CPU.Build.0 = Debug|Any CPU
		{7FB29BE7-9027-48DE-9903-8E3F9E96FFD8}.Release|Any CPU.ActiveCfg = Release|Any CPU
		{7FB29BE7-9027-48DE-9903-8E3F9E96FFD8}.Release|Any CPU.Build.0 = Release|Any CPU
		{2BC3B8CA-0296-444F-84A3-B90DCA5C8ED6}.Debug|Any CPU.ActiveCfg = Debug|Any CPU
		{2BC3B8CA-0296-444F-84A3-B90DCA5C8ED6}.Debug|Any CPU.Build.0 = Debug|Any CPU
		{2BC3B8CA-0296-444F-84A3-B90DCA5C8ED6}.Release|Any CPU.ActiveCfg = Release|Any CPU
		{2BC3B8CA-0296-444F-84A3-B90DCA5C8ED6}.Release|Any CPU.Build.0 = Release|Any CPU
		{019D8B21-823A-4414-A1B5-808ADD38F713}.Debug|Any CPU.ActiveCfg = Debug|Any CPU
		{019D8B21-823A-4414-A1B5-808ADD38F713}.Debug|Any CPU.Build.0 = Debug|Any CPU
		{019D8B21-823A-4414-A1B5-808ADD38F713}.Release|Any CPU.ActiveCfg = Release|Any CPU
		{019D8B21-823A-4414-A1B5-808ADD38F713}.Release|Any CPU.Build.0 = Release|Any CPU
		{ED8D132A-FDB8-4B5B-9A2F-4732AFE802A4}.Debug|Any CPU.ActiveCfg = Debug|Any CPU
		{ED8D132A-FDB8-4B5B-9A2F-4732AFE802A4}.Debug|Any CPU.Build.0 = Debug|Any CPU
		{ED8D132A-FDB8-4B5B-9A2F-4732AFE802A4}.Release|Any CPU.ActiveCfg = Release|Any CPU
		{ED8D132A-FDB8-4B5B-9A2F-4732AFE802A4}.Release|Any CPU.Build.0 = Release|Any CPU
		{12C460ED-2FC5-44C0-9A35-4C9620534A25}.Debug|Any CPU.ActiveCfg = Debug|Any CPU
		{12C460ED-2FC5-44C0-9A35-4C9620534A25}.Debug|Any CPU.Build.0 = Debug|Any CPU
		{12C460ED-2FC5-44C0-9A35-4C9620534A25}.Release|Any CPU.ActiveCfg = Release|Any CPU
		{12C460ED-2FC5-44C0-9A35-4C9620534A25}.Release|Any CPU.Build.0 = Release|Any CPU
		{A80A3990-F5BE-4048-883F-D3EDD45CD307}.Debug|Any CPU.ActiveCfg = Debug|Any CPU
		{A80A3990-F5BE-4048-883F-D3EDD45CD307}.Debug|Any CPU.Build.0 = Debug|Any CPU
		{A80A3990-F5BE-4048-883F-D3EDD45CD307}.Release|Any CPU.ActiveCfg = Release|Any CPU
		{A80A3990-F5BE-4048-883F-D3EDD45CD307}.Release|Any CPU.Build.0 = Release|Any CPU
		{285081FD-D7A0-46AC-B4F2-B177DD853C1C}.Debug|Any CPU.ActiveCfg = Debug|Any CPU
		{285081FD-D7A0-46AC-B4F2-B177DD853C1C}.Debug|Any CPU.Build.0 = Debug|Any CPU
		{285081FD-D7A0-46AC-B4F2-B177DD853C1C}.Release|Any CPU.ActiveCfg = Release|Any CPU
		{285081FD-D7A0-46AC-B4F2-B177DD853C1C}.Release|Any CPU.Build.0 = Release|Any CPU
		{BEE66601-E59E-4297-BEF1-FD0086AACEF8}.Debug|Any CPU.ActiveCfg = Debug|Any CPU
		{BEE66601-E59E-4297-BEF1-FD0086AACEF8}.Debug|Any CPU.Build.0 = Debug|Any CPU
		{BEE66601-E59E-4297-BEF1-FD0086AACEF8}.Release|Any CPU.ActiveCfg = Release|Any CPU
		{BEE66601-E59E-4297-BEF1-FD0086AACEF8}.Release|Any CPU.Build.0 = Release|Any CPU
		{7CADA42C-6B26-4676-A312-A3D07912CD6C}.Debug|Any CPU.ActiveCfg = Debug|Any CPU
		{7CADA42C-6B26-4676-A312-A3D07912CD6C}.Debug|Any CPU.Build.0 = Debug|Any CPU
		{7CADA42C-6B26-4676-A312-A3D07912CD6C}.Release|Any CPU.ActiveCfg = Release|Any CPU
		{7CADA42C-6B26-4676-A312-A3D07912CD6C}.Release|Any CPU.Build.0 = Release|Any CPU
		{BDFDC13C-0F78-4471-8AC9-54C312E5DCEC}.Debug|Any CPU.ActiveCfg = Debug|Any CPU
		{BDFDC13C-0F78-4471-8AC9-54C312E5DCEC}.Debug|Any CPU.Build.0 = Debug|Any CPU
		{BDFDC13C-0F78-4471-8AC9-54C312E5DCEC}.Release|Any CPU.ActiveCfg = Release|Any CPU
		{BDFDC13C-0F78-4471-8AC9-54C312E5DCEC}.Release|Any CPU.Build.0 = Release|Any CPU
	EndGlobalSection
	GlobalSection(SolutionProperties) = preSolution
		HideSolutionNode = FALSE
	EndGlobalSection
	GlobalSection(NestedProjects) = preSolution
		{F2ACC9DF-B49B-4013-91A2-443F328EF807} = {85EE5E91-5B00-4205-BACB-32E78CF4E74D}
		{830F93A0-16B1-4037-857B-008EF740E280} = {F2ACC9DF-B49B-4013-91A2-443F328EF807}
		{49F04440-C8D2-4280-83CF-06952C640469} = {85EE5E91-5B00-4205-BACB-32E78CF4E74D}
		{7FB29BE7-9027-48DE-9903-8E3F9E96FFD8} = {49F04440-C8D2-4280-83CF-06952C640469}
		{4268E13D-4709-4197-89FF-D3FE6283203C} = {85EE5E91-5B00-4205-BACB-32E78CF4E74D}
		{2BC3B8CA-0296-444F-84A3-B90DCA5C8ED6} = {4268E13D-4709-4197-89FF-D3FE6283203C}
		{019D8B21-823A-4414-A1B5-808ADD38F713} = {4268E13D-4709-4197-89FF-D3FE6283203C}
		{C24003FA-C4E7-493C-BFD0-D11ABD1B87FD} = {85EE5E91-5B00-4205-BACB-32E78CF4E74D}
		{ED8D132A-FDB8-4B5B-9A2F-4732AFE802A4} = {C24003FA-C4E7-493C-BFD0-D11ABD1B87FD}
		{12C460ED-2FC5-44C0-9A35-4C9620534A25} = {C24003FA-C4E7-493C-BFD0-D11ABD1B87FD}
		{A80A3990-F5BE-4048-883F-D3EDD45CD307} = {C24003FA-C4E7-493C-BFD0-D11ABD1B87FD}
		{285081FD-D7A0-46AC-B4F2-B177DD853C1C} = {C24003FA-C4E7-493C-BFD0-D11ABD1B87FD}
		{BEE66601-E59E-4297-BEF1-FD0086AACEF8} = {7ED613D5-9B97-47BD-BEE4-F495D2B625C4}
		{7CADA42C-6B26-4676-A312-A3D07912CD6C} = {FB9F8512-0FEB-4BB5-ABE8-CDD82B0871F3}
		{BDFDC13C-0F78-4471-8AC9-54C312E5DCEC} = {FB9F8512-0FEB-4BB5-ABE8-CDD82B0871F3}
	EndGlobalSection
	GlobalSection(ExtensibilityGlobals) = postSolution
		SolutionGuid = {FE364328-CF8B-4896-A607-0C2FCD0DF233}
	EndGlobalSection
EndGlobal
